
Microsoft Visual Studio Solution File, Format Version 12.00
# Visual Studio Version 17
VisualStudioVersion = 17.9.34622.214
MinimumVisualStudioVersion = 10.0.40219.1
Project("{8BC9CEB8-8B4A-11D0-8D11-00A0C91BC942}") = "antvrs", "antvrs.vcxproj", "{BAE60618-9F6A-4CBE-A902-5038CCB05483}"
EndProject
Project("{8BC9CEB8-8B4A-11D0-8D11-00A0C91BC942}") = "GrUI", "..\GrUI\GrUI.vcxproj", "{6E0FE037-1F9D-4519-A321-F406FD95202B}"
EndProject
Global
	GlobalSection(SolutionConfigurationPlatforms) = preSolution
		Debug|x64 = Debug|x64
		Debug|x86 = Debug|x86
		Release|x64 = Release|x64
		Release|x86 = Release|x86
	EndGlobalSection
	GlobalSection(ProjectConfigurationPlatforms) = postSolution
		{BAE60618-9F6A-4CBE-A902-5038CCB05483}.Debug|x64.ActiveCfg = Debug|x64
		{BAE60618-9F6A-4CBE-A902-5038CCB05483}.Debug|x64.Build.0 = Debug|x64
		{BAE60618-9F6A-4CBE-A902-5038CCB05483}.Debug|x86.ActiveCfg = Debug|Win32
		{BAE60618-9F6A-4CBE-A902-5038CCB05483}.Debug|x86.Build.0 = Debug|Win32
		{BAE60618-9F6A-4CBE-A902-5038CCB05483}.Release|x64.ActiveCfg = Release|x64
		{BAE60618-9F6A-4CBE-A902-5038CCB05483}.Release|x64.Build.0 = Release|x64
		{BAE60618-9F6A-4CBE-A902-5038CCB05483}.Release|x86.ActiveCfg = Release|Win32
		{BAE60618-9F6A-4CBE-A902-5038CCB05483}.Release|x86.Build.0 = Release|Win32
		{6E0FE037-1F9D-4519-A321-F406FD95202B}.Debug|x64.ActiveCfg = Debug|x64
		{6E0FE037-1F9D-4519-A321-F406FD95202B}.Debug|x64.Build.0 = Debug|x64
		{6E0FE037-1F9D-4519-A321-F406FD95202B}.Debug|x86.ActiveCfg = Debug|Win32
		{6E0FE037-1F9D-4519-A321-F406FD95202B}.Debug|x86.Build.0 = Debug|Win32
		{6E0FE037-1F9D-4519-A321-F406FD95202B}.Release|x64.ActiveCfg = Release|x64
		{6E0FE037-1F9D-4519-A321-F406FD95202B}.Release|x64.Build.0 = Release|x64
		{6E0FE037-1F9D-4519-A321-F406FD95202B}.Release|x86.ActiveCfg = Release|Win32
		{6E0FE037-1F9D-4519-A321-F406FD95202B}.Release|x86.Build.0 = Release|Win32
	EndGlobalSection
	GlobalSection(SolutionProperties) = preSolution
		HideSolutionNode = FALSE
	EndGlobalSection
	GlobalSection(ExtensibilityGlobals) = postSolution
		SolutionGuid = {7D07DB2D-E5C4-4DB3-804E-363F6565C3FC}
	EndGlobalSection
EndGlobal
